# THIS IS AN AUTOGENERATED FILE. DO NOT EDIT THIS FILE DIRECTLY.
assets/77ecc960973800bc72474ed1798c32e9.js:
  development: 2017-12-18T14:05:14-08:00   b2f291522f093f0b3f512656f2a7c122
assets/app.js.liquid:
  development: 2018-03-25T20:02:29-07:00   180a810c4bc9a6971b7e80be5fef0cf3
assets/arrow_sprite.png:
  development: 2017-12-18T14:05:15-08:00   905ff26ade09df36d88d5a1a92c957e5
assets/blank.gif:
  development: 2017-12-18T14:05:15-08:00   325472601571f31e1bf00674c368d335
assets/custom.js:
  development: 2018-04-03T11:28:20-12:00   7cfa6a4229c02e2f747346fb4f3885aa
assets/fancybox_loading.gif:
  development: 2017-12-18T14:05:15-08:00   c218dbf7ac2ddd127aae402f5fc8673b
assets/fancybox_overlay.png:
  development: 2017-12-18T14:05:15-08:00   c257ca95964b17929355766498e8403c
assets/favicon.png:
  development: 2017-12-18T14:05:15-08:00   c7f7681bcb67cd394e50fc7cbcc83351
assets/gift-card.scss.liquid:
  development: 2017-12-18T14:05:15-08:00   0ff6bd335a68c1219fa3ede906469d65
assets/ie.css.liquid:
  development: 2017-12-18T14:05:15-08:00   0bb2ee978ed3096003c73c613e272527
assets/jquery.cart.min.js:
  development: 2017-12-18T14:05:15-08:00   14b6455b559d83db52ccc2188a462deb
assets/jquery.currencies.min.js:
  development: 2017-12-18T14:05:15-08:00   5a667ef8e9c95cfba4e752373a2e6a4c
assets/loader.gif:
  development: 2017-12-18T14:05:16-08:00   ae8189a1eda896ee867dcd220d45eef6
assets/loader2x.gif:
  development: 2017-12-18T14:05:16-08:00   5a2947183e2989a31c9a88d69892cab2
assets/modernizrObjectFit.min.js:
  development: 2018-03-24T18:24:59-07:00   cb7b3b176dfd8c0a64eacd26578d313b
assets/password-page-background.jpg:
  development: 2017-12-18T14:05:16-08:00   2cc995b92c04dd9aa33ae44e4ca11f7a
assets/retina.eot:
  development: 2017-12-18T14:05:16-08:00   bb0039993befe57292f4628c70a847a5
assets/retina.svg:
  development: 2017-12-18T14:05:16-08:00   e22fa33b4bbc9b0968b5441e53bd2cba
assets/retina.ttf:
  development: 2017-12-18T14:05:16-08:00   c7012e5a40658ca23036e90d7e97528e
assets/retina.woff:
  development: 2017-12-18T14:05:16-08:00   70fe8ce3e8bcb323564806a6b311d197
assets/search.jpg:
  development: 2017-12-18T14:05:16-08:00   fd6de5401d3a484cb514b941c7fd8157
assets/search2x.jpg:
  development: 2017-12-18T14:05:17-08:00   aec2fdccc05c43ad0adaac6e853a9c65
assets/select.png:
  development: 2017-12-18T14:05:17-08:00   75c9a3547a30c43a7e3ed320dda97233
assets/slideshow_1.jpg:
  development: 2017-12-18T14:05:17-08:00   aedf9e3859c17792f1ca54030daeee92
assets/soldout.png:
  development: 2017-12-18T14:05:17-08:00   6a7697db19e17aae7568e216c2b365af
assets/styles.scss.liquid:
  development: 2018-03-25T20:23:03-07:00   d620a059ffc4a660cff67f01552135ac
assets/styles_BU.scss.liquid:
  development: 2017-12-29T16:47:18-08:00   c75c17b13a18ddec8c16b297fda101f6
config/settings_data.json:
  development: 2017-12-22T18:14:53-08:00   f750358115ca6b39ea40c993bfe7c95e
config/settings_schema.json:
  development: 2017-12-18T14:05:21-08:00   9aea49a70decffae63836c4b9e790487
layout/theme.liquid:
  development: 2018-03-25T20:03:48-07:00   8bdea5e3fea664f5888b9c800563a7c9
layout/theme_BU.liquid:
  development: 2017-12-29T16:32:39-08:00   0b94633ec0b701f14fbf4e6c3947abeb
locales/de.json:
  development: 2017-12-18T14:05:17-08:00   ed3dc7aa1b6e8ecd067d1ddc4cc4ca5d
locales/en.default.json:
  development: 2017-12-18T14:05:17-08:00   f2a51280af0e20809e43b0fded674aa3
locales/es.json:
  development: 2017-12-18T14:05:17-08:00   a89d7b5942f7d8bd695c54bc65550d90
locales/fr.json:
  development: 2017-12-18T14:05:17-08:00   5c47128de42eaeff77d116620b3187dc
locales/pt-BR.json:
  development: 2017-12-18T14:05:18-08:00   9a857af7d69d9b666c4be908e4162d56
locales/pt-PT.json:
  development: 2017-12-18T14:05:18-08:00   d8cc962ed61a772b89b8ca2b9dbb5e8b
locales/zh-CN.json:
  development: 2017-12-18T14:05:18-08:00   e390e275d5054d2ec90b0227963d09ad
sections/article-template.liquid:
  development: 2017-12-18T14:05:12-08:00   31ebae354e4f07c5f76ca6d25a89e22f
sections/blog-template.liquid:
  development: 2017-12-18T14:05:12-08:00   6352b3c5cd099c71e82c94bdc71eb0f7
sections/cart-template.liquid:
  development: 2017-12-18T14:05:12-08:00   424ded8edccecdd2d14d5c5b12514e71
sections/collection-banner-template.liquid:
  development: 2017-12-18T14:05:12-08:00   bd445a22e387a07ccce8728ea406bd3b
sections/collection-list.liquid:
  development: 2017-12-18T14:05:12-08:00   bef0674b8cbda379f562fd262aa74879
sections/collection-sub-collections-template.liquid:
  development: 2017-12-18T14:05:12-08:00   21e8f21d4a719f49c1e1a3487c8522f3
sections/collection-template.liquid:
  development: 2017-12-18T14:05:12-08:00   1f4b9a3b21aa9bd5f93470c9b11772aa
sections/contact-form.liquid:
  development: 2017-12-18T14:05:12-08:00   d7a87ebc2b8f76189ea71b6a6638c599
sections/contact-template.liquid:
  development: 2017-12-18T14:05:12-08:00   f830f58693dfa4261a5819577ba8cd9e
sections/content-page.liquid:
  development: 2017-12-18T14:05:12-08:00   e954def65a6afe36e8549b4709ae36c6
sections/custom-1.liquid:
  development: 2018-02-01T16:15:58-08:00   94dcf0117153741ff12d019366acd58f
sections/custom-2.liquid:
  development: 2018-02-01T16:12:29-08:00   b5d73ff6b33a8b5fe085545dba65eaba
sections/custom-3.liquid:
  development: 2018-02-01T16:15:06-08:00   b1570aed64cb5096eabcf86b844afa16
sections/custom-4.liquid:
  development: 2018-02-01T16:15:20-08:00   6dbc23f1a0474ba455bd1247503f3d25
sections/featured-collection.liquid:
  development: 2017-12-18T14:05:12-08:00   26d117edef48d4ae27242a73f92b20db
sections/featured-products.liquid:
  development: 2017-12-18T14:05:12-08:00   b24b58b4c5479989ed18d5a93efaec92
sections/featured-promotions.liquid:
  development: 2017-12-18T14:05:12-08:00   c022ba1387d7203941184452d8fb55d8
sections/featured-text.liquid:
  development: 2017-12-18T14:05:12-08:00   cdbb7eddad5e2f39e1b9a0d52c904653
sections/footer.liquid:
  development: 2017-12-18T14:05:12-08:00   993ef1e69984db9f1fb85ef6682a6336
sections/gallery.liquid:
  development: 2017-12-18T14:05:12-08:00   b8062a42776191144043f743efc4ebcf
sections/header.liquid:
  development: 2017-12-18T14:05:12-08:00   54bbd5237493134a02175d32a66057ed
sections/image-text.liquid:
  development: 2017-12-18T14:05:13-08:00   4213448a8a171832c46fee77ba0af74b
sections/image-with-text-overlay-section.liquid:
  development: 2017-12-18T14:05:13-08:00   5d70d361e55ce817db29ad3cf1ead765
sections/instagram.liquid:
  development: 2017-12-18T14:05:13-08:00   6547c11e80b735820c897070252baa9a
sections/list-collections-template.liquid:
  development: 2017-12-18T14:05:13-08:00   14d357d3bcbcf2732aea1346d77c25ba
sections/logo-bar.liquid:
  development: 2017-12-18T14:05:13-08:00   e14b2c794d80d0f223c91457f8a63739
sections/map.liquid:
  development: 2017-12-18T14:05:13-08:00   cf7de18acfca487032e6a12ac40c042a
sections/nuflo-product-features.liquid:
  development: 2017-12-29T17:43:06-08:00   70ad1ef42a1c86c97964aae90f49e287
sections/page-banner-narrow-template.liquid:
  development: 2018-03-22T21:49:21-07:00   c10d863c73ff76a14a3721d31911d489
sections/page-banner-template.liquid:
  development: 2017-12-18T14:05:13-08:00   0b9150e36d1c7c1f086fa560c8f3a6a9
sections/page-details-template.liquid:
  development: 2017-12-18T14:05:13-08:00   816ac0e9fe8ad1b1802fb24be868e2d7
sections/page-sidebar-template.liquid:
  development: 2017-12-18T14:05:13-08:00   939bb494b7e75e282f0d219aa9045de6
sections/product-description-bottom-template.liquid:
  development: 2018-02-15T18:23:19-08:00   f7d05593d9e3c9ddc18148b42d923030
sections/product-details-template.liquid:
  development: 2018-02-15T18:26:16-08:00   40f010ee5712b41309906a9820c930bc
sections/product-template.liquid:
  development: 2017-12-18T14:05:13-08:00   0dca913c8dfafda8a1521768983d07b4
sections/search-template.liquid:
  development: 2017-12-18T14:05:13-08:00   4df7be5c42179a65d25c85f13b4dbdd5
sections/slideshow.liquid:
  development: 2017-12-18T14:05:13-08:00   fc76add315105e159631614ed9662890
sections/testimonial.liquid:
  development: 2017-12-18T14:05:13-08:00   0f1328ffdbd531de497c26c5ba8190de
sections/twitter-blog.liquid:
  development: 2017-12-18T14:05:13-08:00   9dd56c7c9e5dd2fe4a0bffd9b03fb36f
sections/video.liquid:
  development: 2017-12-18T14:05:13-08:00   6681e4f56002fcd5e4f7e558db31dbf2
snippets/blog-sidebar.liquid:
  development: 2017-12-18T14:05:18-08:00   8dd804dc3cbd49d97ba8c24f41e2b583
snippets/cart-shipping-calculator.liquid:
  development: 2017-12-18T14:05:18-08:00   225a900dcedc596a170a816f2d13ab7b
snippets/collection-loop.liquid:
  development: 2017-12-18T14:05:18-08:00   2a4304b069e7a6fbfd0a452519fe6b3a
snippets/collection-swatch.liquid:
  development: 2017-12-18T14:05:18-08:00   ffe5246d6ab83281acce16e3af3fe5fc
snippets/currencies-switcher.liquid:
  development: 2017-12-18T14:05:18-08:00   a421123ab88e2257676698e928c5ec96
snippets/currencies.liquid:
  development: 2017-12-18T14:05:18-08:00   fb1467798447cfc9e70c01b22c2d369b
snippets/newsletter-popup.liquid:
  development: 2017-12-18T14:05:18-08:00   2cfdaa93d9fe17a7b1e930b8f1d6b597
snippets/newsletter.liquid:
  development: 2017-12-18T14:05:18-08:00   81e6ac7a0581564994e5f924a4b5bb01
snippets/page-multi-column.liquid:
  development: 2017-12-18T14:05:18-08:00   38d2921aab7365802beefae5b9e526d6
snippets/pagination.liquid:
  development: 2017-12-18T14:05:18-08:00   31cc061c367b3709001a33b084e70eeb
snippets/product-form.liquid:
  development: 2017-12-18T14:05:18-08:00   798594f6a74518c2289e6a81f8a4af0b
snippets/product-images.liquid:
  development: 2017-12-18T14:05:19-08:00   9fd6531b357640c565e55ced120b712a
snippets/product-loop.liquid:
  development: 2017-12-18T14:05:19-08:00   ee9f8dda10ed903d486e5041bf40e888
snippets/product-notify-me.liquid:
  development: 2017-12-18T14:05:19-08:00   852fa67b1f1647db4d4e8b5f6b63a317
snippets/product-swatch.liquid:
  development: 2018-03-25T20:22:23-07:00   8c9b27d79d4c32b2a2c5e364c5425caa
snippets/product-thumbnail.liquid:
  development: 2017-12-18T14:05:19-08:00   659513b7e8188e08f72de36cb4e8577a
snippets/sidebar.liquid:
  development: 2017-12-18T14:05:19-08:00   477ec64153450e3ecb1caacfef4f621c
snippets/size-chart-popup.liquid:
  development: 2017-12-18T14:05:19-08:00   dade9d2f073664ceaac379f0ad06d785
snippets/snippet_feat-list.liquid:
  development: 2018-04-05T06:30:13-12:00   1591cd347e7a92a163f2ef32f132fa18
snippets/snippet_featured-collection.liquid:
  development: 2018-04-05T06:30:13-12:00   0a510e9870c7a2eb479828b4985545e2
snippets/snippet_featured-products.liquid:
  development: 2018-04-05T06:30:13-12:00   08600aa0a687e394aa7af97ea606e6d0
snippets/snippet_featured-promotions.liquid:
  development: 2018-04-05T06:30:14-12:00   ddbdcabacb756760a74d5fe19bee021d
snippets/snippet_featured-text.liquid:
  development: 2018-04-05T06:30:14-12:00   a388bbfea06a6f77737a6e18e90a8f93
snippets/snippet_image-text.liquid:
  development: 2018-04-05T06:30:15-12:00   0ceecea2a961bb5be2381d87d9611fde
snippets/snippet_image-with-text-overlay-section.liquid:
  development: 2018-04-05T06:30:15-12:00   fd90db3e440367f63d6c2c3bcce93ce4
snippets/snippet_second-image-with-text-overlay-section.liquid:
  development: 2018-04-05T06:30:15-12:00   e0378ff7634143cd983b349333db632a
snippets/snippet_video.liquid:
  development: 2018-04-05T06:30:16-12:00   c05a08fe332e7ef4727a0455be9eaeab
snippets/social-buttons.liquid:
  development: 2017-12-18T14:05:19-08:00   5b015171e69f408cdd941a8e791bd667
snippets/social-icons.liquid:
  development: 2017-12-18T14:05:19-08:00   6a4a0110dabc4fd98e48e53ba7631d44
snippets/social-meta-info.liquid:
  development: 2017-12-18T14:05:19-08:00   5ca99bba81dd85bff6dce4159ba49106
templates/404.liquid:
  development: 2017-12-18T14:05:19-08:00   aa0fc4c8d6c118949dee80f41b16acb1
templates/article.liquid:
  development: 2017-12-18T14:05:19-08:00   08563437ca9c95766c220339923d2899
templates/blog.liquid:
  development: 2017-12-18T14:05:19-08:00   bd179039c27ce5491916345176d4d173
templates/cart.liquid:
  development: 2017-12-18T14:05:19-08:00   bba3c715f8c51f0520b3bd1a49ca90dc
templates/collection.banner.liquid:
  development: 2017-12-18T14:05:19-08:00   875e7b5d24e5060e10ebbfd35effe6f6
templates/collection.liquid:
  development: 2017-12-18T14:05:20-08:00   5db0256874fca1cc72a6f068888fe095
templates/collection.sub-collections.liquid:
  development: 2017-12-18T14:05:20-08:00   8630d0a54ecb667affa542a1771f3132
templates/customers/account.liquid:
  development: 2017-12-18T14:05:20-08:00   919cee052e92725902ae304af5a6c41e
templates/customers/activate_account.liquid:
  development: 2017-12-18T14:05:20-08:00   e5857b5fbb82f53a5f16228fcf73f2de
templates/customers/addresses.liquid:
  development: 2017-12-18T14:05:20-08:00   f14c5ed440705986d6f865de0c0bf41d
templates/customers/login.liquid:
  development: 2017-12-18T14:05:20-08:00   8039f12250a6d8000703b8598c015cda
templates/customers/order.liquid:
  development: 2017-12-18T14:05:20-08:00   e9e8431dd3969f2d44b541b05ef78b76
templates/customers/register.liquid:
  development: 2017-12-18T14:05:20-08:00   fb3fb9a907eaa911a7b146a994da86be
templates/customers/reset_password.liquid:
  development: 2017-12-18T14:05:20-08:00   2a849b6ce2319415f16ad3527db0b64a
templates/gift_card.liquid:
  development: 2017-12-18T14:05:20-08:00   0802630cfedb4288cb3b0eb1b215529c
templates/index.liquid:
  development: 2017-12-18T14:05:20-08:00   f79f45304db08806b224656bf8d56e7c
templates/list-collections.liquid:
  development: 2017-12-18T14:05:20-08:00   6c951a94c4d7b8b9e36c0e655df45ed5
templates/page.banner-narrow.liquid:
  development: 2018-01-18T18:53:56-08:00   c14ecb5a5f8efbce85e122d7e52f7fbc
templates/page.banner.liquid:
  development: 2017-12-18T14:05:20-08:00   b06daadf4ee3030ccbdd06accc465761
templates/page.contact.liquid:
  development: 2017-12-18T14:05:20-08:00   0d0d60a8f9f8ea9bfd213d74b668f297
templates/page.custom-1.liquid:
  development: 2018-02-01T16:16:07-08:00   3190be0be15524424399d12cd3586db1
templates/page.custom-2.liquid:
  development: 2018-02-01T16:13:42-08:00   5058f2cf3c9af1a2ffebdcf941865aa2
templates/page.custom-3.liquid:
  development: 2018-04-05T06:34:40-12:00   01c5b228dbc26821977107fea64f198c
templates/page.custom-4.liquid:
  development: 2018-02-01T16:14:09-08:00   2a27b89e501f6018c48de0977b0eaa89
templates/page.details.liquid:
  development: 2017-12-18T14:05:20-08:00   b76442952ffb97be2cd607b4aa41c1d9
templates/page.gallery.liquid:
  development: 2017-12-18T14:05:20-08:00   b43c8932c555980e03c720c59da665da
templates/page.liquid:
  development: 2017-12-18T14:05:20-08:00   28ad0a18db454b13aeebb3b36dc5c3dd
templates/page.multi-column.liquid:
  development: 2017-12-18T14:05:20-08:00   28ad0a18db454b13aeebb3b36dc5c3dd
templates/page.narrow.liquid:
  development: 2018-03-22T22:42:36-07:00   0249a85497b35e3c2f2fe5592bbee7a7
templates/page.no-title.liquid:
  development: 2017-12-18T14:05:20-08:00   1e8ce656012ebcd7e7b90a97f1da9bcc
templates/page.sidebar.liquid:
  development: 2017-12-18T14:05:20-08:00   a6e66bf06484751c1d9abfdd3dd1a775
templates/page.wide.liquid:
  development: 2017-12-18T14:05:20-08:00   e01468e493ea255903f68b41c215f048
templates/password.liquid:
  development: 2018-03-22T20:18:28-07:00   f3b81050153c54deca941851a1115aa8
templates/product.description-bottom.liquid:
  development: 2017-12-18T14:05:20-08:00   109cedd2a2206ae3660ffd525e4058e0
templates/product.details.liquid:
  development: 2017-12-18T14:05:21-08:00   a0ce8c619b7804015ddf7d062b6ab8a2
templates/product.liquid:
  development: 2017-12-18T14:05:21-08:00   8dc0a5ff5551ec620d64c92ba21689d8
templates/search.liquid:
  development: 2017-12-18T14:05:21-08:00   d8bfdd344b4a35a7ba9c6efc1c870203
